github.com/davecgh/go-spew v1.1.1 h1:vj9j/u1bqnvCEfJOwUhtlOARqs3+rkHYY13jYWTU97c=
github.com/davecgh/go-spew v1.1.1/go.mod h1:J7Y8YcW2NihsgmVo/mv3lAwl/skON4iLHjSsI+c5H38=
github.com/muzudho/kifuwarabe-gtp v0.0.0-20210220144829-c0336d01da01 h1:A2N2gm9k2Lb+Ey4FKBXCbByhGQH5KiuWQD8t3pVmFes=
github.com/muzudho/kifuwarabe-gtp v0.0.0-20210220144829-c0336d01da01/go.mod h1:7siUfeJLBGzetOlMk0jnFvqEqgoZfZTnbuiYnb2mLxg=
github.com/muzudho/kifuwarabe-gtp v0.0.0-20210220175435-2a93b0eb96ee h1:Ukp5dtunAqv+yDUhKto4wKzy0C0z7b8kuXhXPOkYkD4=
github.com/muzudho/kifuwarabe-gtp v0.0.0-20210220175435-2a93b0eb96ee/go.mod h1:7siUfeJLBGzetOlMk0jnFvqEqgoZfZTnbuiYnb2mLxg=
github.com/muzudho/kifuwarabe-gtp v0.0.0-20210220181940-ae7e12065a52 h1:hf3127XLeEySoiCaXCT+mYPgMA0AsjC5waxfxsEgapk=
github.com/muzudho/kifuwarabe-gtp v0.0.0-20210220181940-ae7e12065a52/go.mod h1:7siUfeJLBGzetOlMk0jnFvqEqgoZfZTnbuiYnb2mLxg=
github.com/muzudho/kifuwarabe-gtp v0.0.0-20210220191629-5df297af2092 h1:z7DV6nPOXC2PTbiTmgqLQrAqHkY6dpsU88Kldf8Bs9k=
github.com/muzudho/kifuwarabe-gtp v0.0.0-20210220191629-5df297af2092/go.mod h1:7siUfeJLBGzetOlMk0jnFvqEqgoZfZTnbuiYnb2mLxg=
github.com/muzudho/kifuwarabe-gtp v0.0.0-20210220195356-6dda983ae158 h1:mQLc3oS489iwN+pUvc3WgzMHZwYe8FC3I9D2AOC9JI0=
github.com/muzudho/kifuwarabe-gtp v0.0.0-20210220195356-6dda983ae158/go.mod h1:7siUfeJLBGzetOlMk0jnFvqEqgoZfZTnbuiYnb2mLxg=
github.com/muzudho/kifuwarabe-gtp v0.0.0-20210221100714-f9da2de7f667 h1:upRaroZKhhWv2cPnxd33zTQCYje7p6E701ey2S9LdEM=
github.com/muzudho/kifuwarabe-gtp v0.0.0-20210221100714-f9da2de7f667/go.mod h1:7siUfeJLBGzetOlMk0jnFvqEqgoZfZTnbuiYnb2mLxg=
github.com/muzudho/kifuwarabe-gtp v0.0.0-20210221102948-03134c2c1ce0 h1:NsZOfhqpBwWW5SmWfr6GWDHVj+nQY3cA7IQKWA+2b6E=
github.com/muzudho/kifuwarabe-gtp v0.0.0-20210221102948-03134c2c1ce0/go.mod h1:7siUfeJLBGzetOlMk0jnFvqEqgoZfZTnbuiYnb2mLxg=
github.com/muzudho/kifuwarabe-gtp v0.0.0-20210221135803-33857b3db42f h1:1VZgURQUX0Q+C5OII9ZuxomV6gAZTje1nqPKNu70b1w=
github.com/muzudho/kifuwarabe-gtp v0.0.0-20210221135803-33857b3db42f/go.mod h1:7siUfeJLBGzetOlMk0jnFvqEqgoZfZTnbuiYnb2mLxg=
github.com/muzudho/kifuwarabe-gtp v0.0.0-20210221143311-4a7342e460a3 h1:vII1uhla+PBOU3hU2TIq4XHPvkNP4tTrR5PSYBszmvo=
github.com/muzudho/kifuwarabe-gtp v0.0.0-20210221143311-4a7342e460a3/go.mod h1:7siUfeJLBGzetOlMk0jnFvqEqgoZfZTnbuiYnb2mLxg=
github.com/muzudho/kifuwarabe-gtp v0.0.0-20210221150225-f75f9e5728df h1:mBVti01zwJta70LJaT5rG0eO6ameAFCReou6WgV/YqM=
github.com/muzudho/kifuwarabe-gtp v0.0.0-20210221150225-f75f9e5728df/go.mod h1:7siUfeJLBGzetOlMk0jnFvqEqgoZfZTnbuiYnb2mLxg=
github.com/muzudho/kifuwarabe-gtp v0.0.0-20210221180831-f25a5961ac49 h1:/JFx8t+4jzk+RYoBD2++xFw6wgfxX+C9i0a1ScdJW4k=
github.com/muzudho/kifuwarabe-gtp v0.0.0-20210221180831-f25a5961ac49/go.mod h1:7siUfeJLBGzetOlMk0jnFvqEqgoZfZTnbuiYnb2mLxg=
github.com/pelletier/go-toml v1.8.1 h1:1Nf83orprkJyknT6h7zbuEGUEjcyVlCxSUGTENmNCRM=
github.com/pelletier/go-toml v1.8.1/go.mod h1:T2/BmBdy8dvIRq1a/8aqjN41wvWlN4lrapLU/GW4pbc=
github.com/reiver/go-oi v1.0.0 h1:nvECWD7LF+vOs8leNGV/ww+F2iZKf3EYjYZ527turzM=
github.com/reiver/go-oi v1.0.0/go.mod h1:RrDBct90BAhoDTxB1fenZwfykqeGvhI6LsNfStJoEkI=
github.com/reiver/go-telnet v0.0.0-20180421082511-9ff0b2ab096e h1:quuzZLi72kkJjl+f5AQ93FMcadG19WkS7MO6TXFOSas=
github.com/reiver/go-telnet v0.0.0-20180421082511-9ff0b2ab096e/go.mod h1:+5vNVvEWwEIx86DB9Ke/+a5wBI464eDRo3eF0LcfpWg=
